
Microsoft Visual Studio Solution File, Format Version 12.00
# Visual Studio 15
Project("{FAE04EC0-301F-11D3-BF4B-00C04F79EFBC}") = "UnitTesting", "UnitTesting\UnitTesting.csproj", "{FCE06CEE-EC03-4E12-9143-DFE2299EF79A}"
EndProject
Project("{FAE04EC0-301F-11D3-BF4B-00C04F79EFBC}") = "UnitTesting.Test", "UnitTesting.Test\UnitTesting.Test.csproj", "{3756B3CD-387F-4834-91FE-F726D7C919F5}"
EndProject
Global
	GlobalSection(SolutionConfigurationPlatforms) = preSolution
		Debug|Any CPU = Debug|Any CPU
		Release|Any CPU = Release|Any CPU
	EndGlobalSection
	GlobalSection(ProjectConfigurationPlatforms) = postSolution
		{FCE06CEE-EC03-4E12-9143-DFE2299EF79A}.Debug|Any CPU.ActiveCfg = Debug|Any CPU
		{FCE06CEE-EC03-4E12-9143-DFE2299EF79A}.Debug|Any CPU.Build.0 = Debug|Any CPU
		{FCE06CEE-EC03-4E12-9143-DFE2299EF79A}.Release|Any CPU.ActiveCfg = Release|Any CPU
		{FCE06CEE-EC03-4E12-9143-DFE2299EF79A}.Release|Any CPU.Build.0 = Release|Any CPU
		{3756B3CD-387F-4834-91FE-F726D7C919F5}.Debug|Any CPU.ActiveCfg = Debug|Any CPU
		{3756B3CD-387F-4834-91FE-F726D7C919F5}.Debug|Any CPU.Build.0 = Debug|Any CPU
		{3756B3CD-387F-4834-91FE-F726D7C919F5}.Release|Any CPU.ActiveCfg = Release|Any CPU
		{3756B3CD-387F-4834-91FE-F726D7C919F5}.Release|Any CPU.Build.0 = Release|Any CPU
	EndGlobalSection
EndGlobal
